
Microsoft Visual Studio Solution File, Format Version 12.00
# Visual Studio 2013
VisualStudioVersion = 12.0.21005.1
MinimumVisualStudioVersion = 10.0.40219.1
Project("{FAE04EC0-301F-11D3-BF4B-00C04F79EFBC}") = "Rent.Entities", "Rent.Objects\Rent.Entities.csproj", "{F4C8B4E6-4C26-485B-BC73-70897D04AD04}"
EndProject
Project("{FAE04EC0-301F-11D3-BF4B-00C04F79EFBC}") = "Rent.DataAccess", "Rent.DataAccess\Rent.DataAccess.csproj", "{5A7145E5-A068-418A-9EEA-FE8B04EBEDBC}"
EndProject
Project("{FAE04EC0-301F-11D3-BF4B-00C04F79EFBC}") = "Rent.Business", "Rent.Logic\Rent.Business.csproj", "{FD0799B6-F5A6-457B-A10E-722620BAB4AA}"
EndProject
Project("{FAE04EC0-301F-11D3-BF4B-00C04F79EFBC}") = "Rent.Web", "Rent.Web\Rent.Web.csproj", "{61D259A6-957C-4632-93F5-5C3BD6417CAA}"
EndProject
Project("{FAE04EC0-301F-11D3-BF4B-00C04F79EFBC}") = "Rent.Common", "Common\Rent.Common.csproj", "{A72A1653-78B2-4491-A7AA-0FB17853CBD2}"
EndProject
Project("{FAE04EC0-301F-11D3-BF4B-00C04F79EFBC}") = "Rent.UnitTest", "Rent.UnitTest\Rent.UnitTest.csproj", "{9CFCD214-F867-4229-A896-04B360F28EC2}"
EndProject
Global
	GlobalSection(TeamFoundationVersionControl) = preSolution
		SccNumberOfProjects = 7
		SccEnterpriseProvider = {4CA58AB2-18FA-4F8D-95D4-32DDF27D184C}
		SccTeamFoundationServer = https://mlfusion.visualstudio.com/defaultcollection
		SccLocalPath0 = .
		SccProjectUniqueName1 = Common\\Rent.Common.csproj
		SccProjectName1 = Common
		SccLocalPath1 = Common
		SccProjectUniqueName2 = Rent.DataAccess\\Rent.DataAccess.csproj
		SccProjectName2 = Rent.DataAccess
		SccLocalPath2 = Rent.DataAccess
		SccProjectUniqueName3 = Rent.Logic\\Rent.Business.csproj
		SccProjectName3 = Rent.Logic
		SccLocalPath3 = Rent.Logic
		SccProjectUniqueName4 = Rent.Objects\\Rent.Entities.csproj
		SccProjectName4 = Rent.Objects
		SccLocalPath4 = Rent.Objects
		SccProjectUniqueName5 = Rent.Web\\Rent.Web.csproj
		SccProjectName5 = Rent.Web
		SccLocalPath5 = Rent.Web
		SccProjectUniqueName6 = Rent.UnitTest\\Rent.UnitTest.csproj
		SccProjectName6 = Rent.UnitTest
		SccLocalPath6 = Rent.UnitTest
	EndGlobalSection
	GlobalSection(SolutionConfigurationPlatforms) = preSolution
		Debug|Any CPU = Debug|Any CPU
		Release|Any CPU = Release|Any CPU
	EndGlobalSection
	GlobalSection(ProjectConfigurationPlatforms) = postSolution
		{F4C8B4E6-4C26-485B-BC73-70897D04AD04}.Debug|Any CPU.ActiveCfg = Debug|Any CPU
		{F4C8B4E6-4C26-485B-BC73-70897D04AD04}.Debug|Any CPU.Build.0 = Debug|Any CPU
		{F4C8B4E6-4C26-485B-BC73-70897D04AD04}.Release|Any CPU.ActiveCfg = Release|Any CPU
		{F4C8B4E6-4C26-485B-BC73-70897D04AD04}.Release|Any CPU.Build.0 = Release|Any CPU
		{5A7145E5-A068-418A-9EEA-FE8B04EBEDBC}.Debug|Any CPU.ActiveCfg = Debug|Any CPU
		{5A7145E5-A068-418A-9EEA-FE8B04EBEDBC}.Debug|Any CPU.Build.0 = Debug|Any CPU
		{5A7145E5-A068-418A-9EEA-FE8B04EBEDBC}.Release|Any CPU.ActiveCfg = Release|Any CPU
		{5A7145E5-A068-418A-9EEA-FE8B04EBEDBC}.Release|Any CPU.Build.0 = Release|Any CPU
		{FD0799B6-F5A6-457B-A10E-722620BAB4AA}.Debug|Any CPU.ActiveCfg = Debug|Any CPU
		{FD0799B6-F5A6-457B-A10E-722620BAB4AA}.Debug|Any CPU.Build.0 = Debug|Any CPU
		{FD0799B6-F5A6-457B-A10E-722620BAB4AA}.Release|Any CPU.ActiveCfg = Release|Any CPU
		{FD0799B6-F5A6-457B-A10E-722620BAB4AA}.Release|Any CPU.Build.0 = Release|Any CPU
		{61D259A6-957C-4632-93F5-5C3BD6417CAA}.Debug|Any CPU.ActiveCfg = Debug|Any CPU
		{61D259A6-957C-4632-93F5-5C3BD6417CAA}.Debug|Any CPU.Build.0 = Debug|Any CPU
		{61D259A6-957C-4632-93F5-5C3BD6417CAA}.Release|Any CPU.ActiveCfg = Release|Any CPU
		{61D259A6-957C-4632-93F5-5C3BD6417CAA}.Release|Any CPU.Build.0 = Release|Any CPU
		{A72A1653-78B2-4491-A7AA-0FB17853CBD2}.Debug|Any CPU.ActiveCfg = Debug|Any CPU
		{A72A1653-78B2-4491-A7AA-0FB17853CBD2}.Debug|Any CPU.Build.0 = Debug|Any CPU
		{A72A1653-78B2-4491-A7AA-0FB17853CBD2}.Release|Any CPU.ActiveCfg = Release|Any CPU
		{A72A1653-78B2-4491-A7AA-0FB17853CBD2}.Release|Any CPU.Build.0 = Release|Any CPU
		{9CFCD214-F867-4229-A896-04B360F28EC2}.Debug|Any CPU.ActiveCfg = Debug|Any CPU
		{9CFCD214-F867-4229-A896-04B360F28EC2}.Debug|Any CPU.Build.0 = Debug|Any CPU
		{9CFCD214-F867-4229-A896-04B360F28EC2}.Release|Any CPU.ActiveCfg = Release|Any CPU
		{9CFCD214-F867-4229-A896-04B360F28EC2}.Release|Any CPU.Build.0 = Release|Any CPU
	EndGlobalSection
	GlobalSection(SolutionProperties) = preSolution
		HideSolutionNode = FALSE
	EndGlobalSection
EndGlobal
